{
    "_readme": [
        "This file locks the dependencies of your project to a known state",
        "Read more about it at https://getcomposer.org/doc/01-basic-usage.md#installing-dependencies",
        "This file is @generated automatically"
    ],
    "content-hash": "5ef0087927252522fd3e569d3fe48bd0",
    "packages": [
        {
            "name": "aram-hamo/mvc-core",
            "version": "0.1.0",
            "source": {
                "type": "git",
                "url": "https://github.com/aram-hamo/mvc-core.git",
                "reference": "7cafdff884739d7f2c4c2a2299febfa446e1d7c6"
            },
            "dist": {
                "type": "zip",
                "url": "https://api.github.com/repos/aram-hamo/mvc-core/zipball/7cafdff884739d7f2c4c2a2299febfa446e1d7c6",
                "reference": "7cafdff884739d7f2c4c2a2299febfa446e1d7c6",
                "shasum": ""
            },
            "type": "library",
            "autoload": {
                "psr-4": {
                    "AramHamo\\MvcCore\\": "src/"
                }
            },
            "notification-url": "https://packagist.org/downloads/",
            "license": [
                "GPL-3.0-or-later"
            ],
            "authors": [
                {
                    "name": "Aram Hamo",
                    "email": "contact@aramhamo.me"
                }
            ],
            "support": {
                "issues": "https://github.com/aram-hamo/mvc-core/issues",
                "source": "https://github.com/aram-hamo/mvc-core/tree/0.1.0"
            },
            "time": "2023-03-28T08:35:25+00:00"
        }
    ],
    "packages-dev": [
        {
            "name": "phpstan/phpstan",
            "version": "1.10.8",
            "source": {
                "type": "git",
                "url": "https://github.com/phpstan/phpstan.git",
                "reference": "0166aef76e066f0dd2adc2799bdadfa1635711e9"
            },
            "dist": {
                "type": "zip",
                "url": "https://api.github.com/repos/phpstan/phpstan/zipball/0166aef76e066f0dd2adc2799bdadfa1635711e9",
                "reference": "0166aef76e066f0dd2adc2799bdadfa1635711e9",
                "shasum": ""
            },
            "require": {
                "php": "^7.2|^8.0"
            },
            "conflict": {
                "phpstan/phpstan-shim": "*"
            },
            "bin": [
                "phpstan",
                "phpstan.phar"
            ],
            "type": "library",
            "autoload": {
                "files": [
                    "bootstrap.php"
                ]
            },
            "notification-url": "https://packagist.org/downloads/",
            "license": [
                "MIT"
            ],
            "description": "PHPStan - PHP Static Analysis Tool",
            "keywords": [
                "dev",
                "static analysis"
            ],
            "support": {
                "docs": "https://phpstan.org/user-guide/getting-started",
                "forum": "https://github.com/phpstan/phpstan/discussions",
                "issues": "https://github.com/phpstan/phpstan/issues",
                "security": "https://github.com/phpstan/phpstan/security/policy",
                "source": "https://github.com/phpstan/phpstan-src"
            },
            "funding": [
                {
                    "url": "https://github.com/ondrejmirtes",
                    "type": "github"
                },
                {
                    "url": "https://github.com/phpstan",
                    "type": "github"
                },
                {
                    "url": "https://tidelift.com/funding/github/packagist/phpstan/phpstan",
                    "type": "tidelift"
                }
            ],
            "time": "2023-03-24T10:28:16+00:00"
        }
    ],
    "aliases": [],
    "minimum-stability": "stable",
    "stability-flags": [],
    "prefer-stable": false,
    "prefer-lowest": false,
    "platform": [],
    "platform-dev": [],
    "plugin-api-version": "2.3.0"
}
